hash: 4d356186e5d2c600882a87154985a572ddc78a7d9ddb9c2e098c493d88594f42
updated: 2017-02-17T14:08:49.87175152+01:00
imports:
- name: git.lukas.moe/sn0w/radio-b
  version: 131c32148a1de1b4fc3dd2a75c2d6523199309b0
- name: github.com/AlekSi/pointer
  version: 08a25bac605b3fcb6cc27f3917b2c2c87451963d
- name: github.com/andybalholm/cascadia
  version: 349dd0209470eabd9514242c688c403c0926d266
- name: github.com/bwmarrin/discordgo
  version: edd6e169fa71948189f7b489c3a3455880f849ae
- name: github.com/bwmarrin/snowflake
  version: 34b33bf22ac0c98266031bcb193e2c9a621730f8
- name: github.com/cenkalti/backoff
  version: b02f2bbce11d7ea6b97f282ef1771b0fe2f65ef3
- name: github.com/certifi/gocertifi
  version: 03be5e6bb9874570ea7fb0961225d193cbc374c5
- name: github.com/CleverbotIO/go-cleverbot.io
  version: 2b334e3eb17cf9556f3d9dc1d42eddc7b2e37007
- name: github.com/dustin/go-humanize
  version: 7a41df006ff9af79a29f0ffa9c5f21fbe6314a2d
- name: github.com/getsentry/raven-go
  version: 3f7439d3e74d88e21d196ba20eb61a5a958bc118
- name: github.com/golang/protobuf
  version: 8ee79997227bf9b34611aee7946ae64735e6fd93
  subpackages:
  - proto
- name: github.com/gorethink/gorethink
  version: 610fcc04c971a9fa42f1b6625c7c52b5bb472c51
- name: github.com/gorilla/websocket
  version: 3ab3a8b8831546bd18fd182c20687ca853b2bb13
- name: github.com/hailocab/go-hostpool
  version: e80d13ce29ede4452c43dea11e79b9bc8a15b478
- name: github.com/Jeffail/gabs
  version: 2a3aa15961d5fee6047b8151b67ac2f08ba2c48c
- name: github.com/marcmak/calc
  version: 5bbbfc3b3149741fda5147a18568a62f6cd3fec1
  subpackages:
  - calc
- name: github.com/olebedev/when
  version: ac30b9a292575a8e46eac00ff0969379db9e338a
  subpackages:
  - rules
  - rules/common
  - rules/en
  - rules/ru
- name: github.com/pkg/errors
  version: 645ef00459ed84a119197bfb8d8205042c6df63d
- name: github.com/PuerkitoBio/goquery
  version: e1271ee34c6a305e38566ecd27ae374944907ee9
- name: github.com/Sirupsen/logrus
  version: 3f603f494d61c73457fb234161d8982b9f0f0b71
- name: github.com/sn0w/discordgo
  version: d263620a46be3ebba53b409c48322758f6747edd
- name: github.com/ttacon/chalk
  version: 76b3c8b611dea8f83e49e9ce81fc2b189e0ef3d2
- name: golang.org/x/crypto
  version: 537c9dfe43c8ca78e68e340fc140bca4d8bfaaa0
  subpackages:
  - nacl/secretbox
  - pbkdf2
  - poly1305
  - salsa20/salsa
- name: golang.org/x/net
  version: 236b8f043b920452504e263bc21d354427127473
  subpackages:
  - html
  - html/atom
- name: golang.org/x/sys
  version: 7a6e5648d140666db5d920909e082ca00a87ba2c
  subpackages:
  - unix
- name: golang.org/x/text
  version: dafb3384ad25363d928a9e97ce4ad3a2f0667e34
  subpackages:
  - transform
  - unicode/norm
- name: gopkg.in/fatih/pool.v2
  version: 6e328e67893eb46323ad06f0e92cb9536babbabc
- name: gopkg.in/gorethink/gorethink.v3
  version: 610fcc04c971a9fa42f1b6625c7c52b5bb472c51
  subpackages:
  - encoding
  - ql2
  - types
testImports: []
