hash: c036be91cc57259859bdcff329fe0f82de54f0af54ff89352734311a25f659bd
updated: 2017-03-14T19:56:15.194430143+01:00
imports:
- name: cloud.google.com/go
  version: 2e6a95edb1071d750f6d7db777bf66cd2997af6c
  subpackages:
  - compute/metadata
  - internal
  - translate
  - translate/internal/translate/v2
- name: git.lukas.moe/sn0w/radio-b
  version: 19bfa0f2525ad3c8b4439fa6b85e8f444c004d3b
- name: github.com/AlekSi/pointer
  version: 08a25bac605b3fcb6cc27f3917b2c2c87451963d
- name: github.com/andybalholm/cascadia
  version: 349dd0209470eabd9514242c688c403c0926d266
- name: github.com/bwmarrin/discordgo
  version: d4f874c0f4c3752f5d18503415307106ed7c3837
- name: github.com/cenkalti/backoff
  version: 3db60c813733fce657c114634171689bbf1f8dee
- name: github.com/certifi/gocertifi
  version: 03be5e6bb9874570ea7fb0961225d193cbc374c5
- name: github.com/dustin/go-humanize
  version: 259d2a102b871d17f30e3cd9881a642961a1e486
- name: github.com/getsentry/raven-go
  version: b68337dbf03e7fbb53d9fd9b63fd09b28e8f13f7
- name: github.com/golang/protobuf
  version: c9c7427a2a70d2eb3bafa0ab2dc163e45f143317
  subpackages:
  - proto
- name: github.com/googleapis/gax-go
  version: 8c5154c0fe5bf18cf649634d4c6df50897a32751
- name: github.com/gorethink/gorethink
  version: 610fcc04c971a9fa42f1b6625c7c52b5bb472c51
- name: github.com/gorilla/websocket
  version: b258b4fadb573ac412f187b9f31974ea99d32f50
- name: github.com/hailocab/go-hostpool
  version: e80d13ce29ede4452c43dea11e79b9bc8a15b478
- name: github.com/Jeffail/gabs
  version: 2a3aa15961d5fee6047b8151b67ac2f08ba2c48c
- name: github.com/marcmak/calc
  version: 5bbbfc3b3149741fda5147a18568a62f6cd3fec1
  subpackages:
  - calc
- name: github.com/olebedev/when
  version: ac30b9a292575a8e46eac00ff0969379db9e338a
  subpackages:
  - rules
  - rules/common
  - rules/en
  - rules/ru
- name: github.com/pkg/errors
  version: 645ef00459ed84a119197bfb8d8205042c6df63d
- name: github.com/PuerkitoBio/goquery
  version: e1271ee34c6a305e38566ecd27ae374944907ee9
- name: github.com/Sirupsen/logrus
  version: 1deb2db2a6fff8a35532079061b903c3a25eed52
- name: github.com/ttacon/chalk
  version: 76b3c8b611dea8f83e49e9ce81fc2b189e0ef3d2
- name: github.com/ugjka/cleverbot-go
  version: 8c40b3daf02485c397f72111332355ed86bd4aad
- name: golang.org/x/crypto
  version: 728b753d0135da6801d45a38e6f43ff55779c5c2
  subpackages:
  - nacl/secretbox
  - pbkdf2
  - poly1305
  - salsa20/salsa
- name: golang.org/x/net
  version: a6577fac2d73be281a500b310739095313165611
  subpackages:
  - context
  - context/ctxhttp
  - html
  - html/atom
  - http2
  - http2/hpack
  - idna
  - internal/timeseries
  - lex/httplex
  - trace
- name: golang.org/x/oauth2
  version: 1611bb46e67abc64a71ecc5c3ae67f1cbbc2b921
  subpackages:
  - google
  - internal
  - jws
  - jwt
- name: golang.org/x/sys
  version: 99f16d856c9836c42d24e7ab64ea72916925fa97
  subpackages:
  - unix
- name: golang.org/x/text
  version: f28f36722d5ef2f9655ad3de1f248e3e52ad5ebd
  subpackages:
  - internal/tag
  - language
  - transform
  - unicode/norm
- name: google.golang.org/api
  version: 1202890e803f07684581b575fda809bf335a533f
  subpackages:
  - gensupport
  - googleapi
  - googleapi/internal/uritemplates
  - googleapi/transport
  - internal
  - option
  - transport
- name: google.golang.org/appengine
  version: b79c28f0197795b4050bfcd7c4c2209136c594b1
  subpackages:
  - internal
  - internal/app_identity
  - internal/base
  - internal/datastore
  - internal/log
  - internal/modules
  - internal/remote_api
  - internal/socket
  - internal/urlfetch
  - socket
  - urlfetch
- name: google.golang.org/grpc
  version: 0713829b980f4ddd276689a36235c5fcc82a21bf
  subpackages:
  - codes
  - credentials
  - credentials/oauth
  - grpclog
  - internal
  - keepalive
  - metadata
  - naming
  - peer
  - stats
  - tap
  - transport
- name: gopkg.in/fatih/pool.v2
  version: 6e328e67893eb46323ad06f0e92cb9536babbabc
- name: gopkg.in/gorethink/gorethink.v3
  version: 610fcc04c971a9fa42f1b6625c7c52b5bb472c51
  subpackages:
  - encoding
  - ql2
  - types
testImports: []
