hash: 5288e0f3fdf9a0018d45eaa53b7c4633fc2ecd30dd6857d1ae5ba9c60e46b484
updated: 2017-01-31T17:38:21.816735322+01:00
imports:
- name: git.lukas.moe/sn0w/radio-b
  version: 26c2bee4caee0c2b261ff0b8accf01fd9ed6bf1f
- name: github.com/AlekSi/pointer
  version: 08a25bac605b3fcb6cc27f3917b2c2c87451963d
- name: github.com/andybalholm/cascadia
  version: 349dd0209470eabd9514242c688c403c0926d266
- name: github.com/bwmarrin/snowflake
  version: 34b33bf22ac0c98266031bcb193e2c9a621730f8
- name: github.com/cenkalti/backoff
  version: b02f2bbce11d7ea6b97f282ef1771b0fe2f65ef3
- name: github.com/certifi/gocertifi
  version: 03be5e6bb9874570ea7fb0961225d193cbc374c5
- name: github.com/dustin/go-humanize
  version: 7a41df006ff9af79a29f0ffa9c5f21fbe6314a2d
- name: github.com/getsentry/raven-go
  version: 3f7439d3e74d88e21d196ba20eb61a5a958bc118
- name: github.com/golang/protobuf
  version: 8ee79997227bf9b34611aee7946ae64735e6fd93
  subpackages:
  - proto
- name: github.com/GoRethink/gorethink
  version: 610fcc04c971a9fa42f1b6625c7c52b5bb472c51
- name: github.com/gorilla/websocket
  version: c36f2fe5c330f0ac404b616b96c438b8616b1aaf
- name: github.com/hailocab/go-hostpool
  version: e80d13ce29ede4452c43dea11e79b9bc8a15b478
- name: github.com/Jeffail/gabs
  version: 2a3aa15961d5fee6047b8151b67ac2f08ba2c48c
- name: github.com/marcmak/calc
  version: 5bbbfc3b3149741fda5147a18568a62f6cd3fec1
  subpackages:
  - calc
- name: github.com/olebedev/when
  version: ac30b9a292575a8e46eac00ff0969379db9e338a
  subpackages:
  - rules
  - rules/common
  - rules/en
  - rules/ru
- name: github.com/pkg/errors
  version: 645ef00459ed84a119197bfb8d8205042c6df63d
- name: github.com/PuerkitoBio/goquery
  version: 3cb3b8656883c2cc3deb9c643d93ea6e5157e425
- name: github.com/Sirupsen/logrus
  version: 61e43dc76f7ee59a82bdf3d71033dc12bea4c77d
- name: github.com/sn0w/discordgo
  version: d263620a46be3ebba53b409c48322758f6747edd
- name: github.com/ttacon/chalk
  version: 76b3c8b611dea8f83e49e9ce81fc2b189e0ef3d2
- name: github.com/ugjka/cleverbot-go
  version: 9b8fa3113779b4078baff4c639b3f1486a85930c
- name: golang.org/x/crypto
  version: dc137beb6cce2043eb6b5f223ab8bf51c32459f4
  subpackages:
  - nacl/secretbox
  - pbkdf2
  - poly1305
  - salsa20/salsa
- name: golang.org/x/net
  version: f2499483f923065a842d38eb4c7f1927e6fc6e6d
  subpackages:
  - html
  - html/atom
- name: golang.org/x/sys
  version: d75a52659825e75fff6158388dddc6a5b04f9ba5
  subpackages:
  - unix
- name: golang.org/x/text
  version: ece019dcfd29abcf65d0d1dfe145e8faad097640
  subpackages:
  - transform
  - unicode/norm
- name: gopkg.in/fatih/pool.v2
  version: 6e328e67893eb46323ad06f0e92cb9536babbabc
- name: gopkg.in/gorethink/gorethink.v3
  version: 610fcc04c971a9fa42f1b6625c7c52b5bb472c51
  subpackages:
  - encoding
  - ql2
  - types
testImports: []
