# This file is autogenerated, do not edit; changes may be undone by the next 'dep ensure'.


[[projects]]
  digest = "1:27b1d850d8d6443b822e15a9357753a8fefb34a3d6e77b899db72a574cd1a780"
  name = "cloud.google.com/go"
  packages = [
    "compute/metadata",
    "iam",
    "internal/optional",
    "internal/version",
    "longrunning",
    "longrunning/autogen",
    "pubsub",
    "pubsub/apiv1",
    "pubsub/internal/distribution",
    "translate",
    "translate/internal/translate/v2",
    "vision/apiv1",
  ]
  pruneopts = "UT"
  revision = "c9474f2f8deb81759839474b6bd1726bbfe1c1c4"
  version = "v0.36.0"

[[projects]]
  digest = "1:ee907e9ead8d8b090f1e2c07967ff1ec7ed20687c2ffd270d1c6c1b71dff5496"
  name = "github.com/AlekSi/pointer"
  packages = ["."]
  pruneopts = "UT"
  revision = "08a25bac605b3fcb6cc27f3917b2c2c87451963d"
  version = "v1.0.0"

[[projects]]
  digest = "1:2ee1ec060a2e71d2eb24755cb3f3867c52faa9895d2287d3c3bf09b01020cf32"
  name = "github.com/ChimeraCoder/anaconda"
  packages = ["."]
  pruneopts = "UT"
  revision = "9c68684170b980d5b4c2ed08fae9b530e659904d"
  version = "v2.0.0"

[[projects]]
  branch = "master"
  digest = "1:088fd1efa8fcd4f85c3e3c0d135f28114115517a2b215f2e39b67146d032ea33"
  name = "github.com/ChimeraCoder/tokenbucket"
  packages = ["."]
  pruneopts = "UT"
  revision = "c5a927568de7aad8a58127d80bcd36ca4e71e454"

[[projects]]
  digest = "1:1642d82630adff3904f7965aa1aac2d7bfb8ae93a9b3da849ee38d72bb4c49e7"
  name = "github.com/Jeffail/gabs"
  packages = ["."]
  pruneopts = "UT"
  revision = "7be49c3f43696c7ca8c9a76d6836703d83aea404"
  version = "v1.1.1"

[[projects]]
  branch = "master"
  digest = "1:cb7581a4b2d18d6f6d36601316956120ff04cb1649a0e953e16f0e8a417d4e1e"
  name = "github.com/Krognol/go-wolfram"
  packages = ["."]
  pruneopts = "UT"
  revision = "5b91101b92a80980896e5c2c750664334e8ca497"

[[projects]]
  digest = "1:573fa46f8d413d4bc3f7cc5e86b2c43cb21559f4fb0a19d9874d228e28fdc07c"
  name = "github.com/PuerkitoBio/goquery"
  packages = ["."]
  pruneopts = "UT"
  revision = "2d2796f41742ece03e8086188fa4db16a3a0b458"
  version = "v1.5.0"

[[projects]]
  branch = "master"
  digest = "1:a6a051f4d5ce7b59e24e3d711eafdf864c231e1d2c87afbc7730a98116730c7c"
  name = "github.com/RichardKnop/logging"
  packages = ["."]
  pruneopts = "UT"
  revision = "b1d5d44c82d6c9fb6c8e8dad28412163586fd8ac"

[[projects]]
  digest = "1:bb45896e62c1d3c7d1aac2d4b25d273234b6bf3b6ce50c807e1271aa0f36f8aa"
  name = "github.com/RichardKnop/machinery"
  packages = [
    "v1",
    "v1/backends/amqp",
    "v1/backends/dynamodb",
    "v1/backends/eager",
    "v1/backends/iface",
    "v1/backends/memcache",
    "v1/backends/mongo",
    "v1/backends/redis",
    "v1/backends/result",
    "v1/brokers/amqp",
    "v1/brokers/eager",
    "v1/brokers/errs",
    "v1/brokers/gcppubsub",
    "v1/brokers/iface",
    "v1/brokers/redis",
    "v1/brokers/sqs",
    "v1/common",
    "v1/config",
    "v1/log",
    "v1/retry",
    "v1/tasks",
    "v1/tracing",
  ]
  pruneopts = "UT"
  revision = "77c8be0a4e4c5a9d33b789975c4dfbb1c287517a"
  version = "v1.5.5"

[[projects]]
  digest = "1:3ec1b34a4c161eee98ba2530ed7bee201ad57705d4c8e1d8c4bf27b58ce1e728"
  name = "github.com/RichardKnop/redsync"
  packages = ["."]
  pruneopts = "UT"
  revision = "54b27db64c180751e7049321a2e109ff220ccdcc"
  version = "v1.2.0"

[[projects]]
  branch = "master"
  digest = "1:9813391897bba6be3f10ae56529fd99f68ae5ff164ae05f1879c4b356cb9fd92"
  name = "github.com/Seklfreak/lastfm-go"
  packages = ["lastfm"]
  pruneopts = "UT"
  revision = "ff0cf6912942f8c01351fb8c4fdf2494c82badfa"

[[projects]]
  branch = "master"
  digest = "1:74328c22291f9a1c30098fe8c0ae40bcf4e31b40f7b85fe2d306201600c54990"
  name = "github.com/Seklfreak/polr-go"
  packages = ["."]
  pruneopts = "UT"
  revision = "e6c594fafce8f248a7a5e516f81ca85484b5078f"

[[projects]]
  branch = "master"
  digest = "1:c29f180229267d71afd645ed8afb7cadda1a559a82333cad0ee0b47f02017d14"
  name = "github.com/Unleash/unleash-client-go"
  packages = [
    ".",
    "context",
    "internal/api",
    "internal/strategies",
    "strategy",
  ]
  pruneopts = "UT"
  revision = "ae068e0ad68ca358d891f3f93998636f70ef01bc"

[[projects]]
  branch = "master"
  digest = "1:2976576ca8abefe9586bff144b488380fce951f73474b6d64fe0f27603a78816"
  name = "github.com/VojtechVitek/go-trello"
  packages = ["."]
  pruneopts = "UT"
  revision = "28ebf2756ecc6c69262fba5d5c2f80c0e6dce5e8"

[[projects]]
  digest = "1:66b3310cf22cdc96c35ef84ede4f7b9b370971c4025f394c89a2638729653b11"
  name = "github.com/andybalholm/cascadia"
  packages = ["."]
  pruneopts = "UT"
  revision = "901648c87902174f774fac311d7f176f8647bdaa"
  version = "v1.0.0"

[[projects]]
  branch = "master"
  digest = "1:ff120e1ae683d1aa570ebe32808538dcaf0906823b2a26194d3d6b03706091b9"
  name = "github.com/andybons/gogif"
  packages = ["."]
  pruneopts = "UT"
  revision = "16d573594812bc09bc62ad1d8a4129c7ba885dc6"

[[projects]]
  digest = "1:20f41f36fc0218b0050c058f64d46a839e5cced3b7929ae1b8ca2d787a4b31cf"
  name = "github.com/aws/aws-sdk-go"
  packages = [
    "aws",
    "aws/awserr",
    "aws/awsutil",
    "aws/client",
    "aws/client/metadata",
    "aws/corehandlers",
    "aws/credentials",
    "aws/credentials/ec2rolecreds",
    "aws/credentials/endpointcreds",
    "aws/credentials/processcreds",
    "aws/credentials/stscreds",
    "aws/crr",
    "aws/csm",
    "aws/defaults",
    "aws/ec2metadata",
    "aws/endpoints",
    "aws/request",
    "aws/session",
    "aws/signer/v4",
    "internal/ini",
    "internal/sdkio",
    "internal/sdkrand",
    "internal/sdkuri",
    "internal/shareddefaults",
    "private/protocol",
    "private/protocol/json/jsonutil",
    "private/protocol/jsonrpc",
    "private/protocol/query",
    "private/protocol/query/queryutil",
    "private/protocol/rest",
    "private/protocol/xml/xmlutil",
    "service/dynamodb",
    "service/dynamodb/dynamodbattribute",
    "service/dynamodb/dynamodbiface",
    "service/sqs",
    "service/sqs/sqsiface",
    "service/sts",
  ]
  pruneopts = "UT"
  revision = "a86c8123483bed64c20a08cddc5155e8e8c89dcb"
  version = "v1.16.31"

[[projects]]
  branch = "master"
  digest = "1:863cb3d06b96794fd14a54579116b7e704cd8bc395e9d0404a5ad236d3e198b4"
  name = "github.com/azr/backoff"
  packages = ["."]
  pruneopts = "UT"
  revision = "53511d3c733003985b0b76f733df1f4d0095ee6a"

[[projects]]
  branch = "master"
  digest = "1:f29899432fa77466e3622ba6287137c9bc8407e2abb38173f54beaa044f9f206"
  name = "github.com/beefsack/go-rate"
  packages = ["."]
  pruneopts = "UT"
  revision = "efa7637bb9b6433f47eb73dde68902abda87f352"

[[projects]]
  branch = "master"
  digest = "1:f98385a9b77f6cacae716a59c04e6ac374d101466d4369c4e8cc706a39c4bb2e"
  name = "github.com/bradfitz/gomemcache"
  packages = ["memcache"]
  pruneopts = "UT"
  revision = "bc664df9673713a0ccf26e3b55a673ec7301088b"

[[projects]]
  branch = "master"
  digest = "1:7f3dcdb6d9fc5cae2bea8f8032897aba5cb5a6a5fb4c687dff3f8d2cbcca1bcd"
  name = "github.com/bradfitz/slice"
  packages = ["."]
  pruneopts = "UT"
  revision = "2b758aa73013d2b1f11077aeca87ea042a1438bf"

[[projects]]
  digest = "1:fc4f149402c1fa7258290c3f91b0bfbc709763f3d3899609a2e4a0163dec65c6"
  name = "github.com/bwmarrin/discordgo"
  packages = ["."]
  pruneopts = "UT"
  revision = "8325a6bf6dd6c91ed4040a1617b07287b8fb0eba"
  version = "v0.19.0"

[[projects]]
  digest = "1:166438587ed45ac211dab8a3ecebf4fa0c186d0db63430fb9127bbc2e5fcdc67"
  name = "github.com/cenkalti/backoff"
  packages = ["."]
  pruneopts = "UT"
  revision = "1e4cf3da559842a91afcb6ea6141451e6c30c618"
  version = "v2.1.1"

[[projects]]
  digest = "1:fed1f537c2f1269fe475a8556c393fe466641682d73ef8fd0491cd3aa1e47bad"
  name = "github.com/certifi/gocertifi"
  packages = ["."]
  pruneopts = "UT"
  revision = "deb3ae2ef2610fde3330947281941c562861188b"
  version = "2018.01.18"

[[projects]]
  digest = "1:3b6a67881704b761732a141e2f93c46dd2f7a9502930c3840d53137b12c77172"
  name = "github.com/corona10/goimagehash"
  packages = [
    ".",
    "etcs",
    "transforms",
  ]
  pruneopts = "UT"
  revision = "190331714558be423e622b2c2fcdca9ec2882637"
  version = "v0.2.0"

[[projects]]
  digest = "1:ffe9824d294da03b391f44e1ae8281281b4afc1bdaa9588c9097785e3af10cec"
  name = "github.com/davecgh/go-spew"
  packages = ["spew"]
  pruneopts = "UT"
  revision = "8991bc29aa16c548c550c7ff78260e27b9ab7c73"
  version = "v1.1.1"

[[projects]]
  branch = "master"
  digest = "1:dbafc2ff5b1aaf1a66cda9fe7801c0c87535e513700ef62de968d22a99defa12"
  name = "github.com/dghubble/go-twitter"
  packages = ["twitter"]
  pruneopts = "UT"
  revision = "7fd79e2bcc65f2e35ee1ada816481ab3e0c64d2a"

[[projects]]
  digest = "1:f3cacf5fd0e718de3f43af615e84372b318f61889140f6854f98b05894001d99"
  name = "github.com/dghubble/oauth1"
  packages = ["."]
  pruneopts = "UT"
  revision = "f0fe2bff8fbf301b33359ca431e4afc90390aab0"
  version = "v0.5.0"

[[projects]]
  digest = "1:fba61d8584058169c5bd4625196f33077ba937f7131625d4440686c5e4cff380"
  name = "github.com/dghubble/sling"
  packages = ["."]
  pruneopts = "UT"
  revision = "e2624bf29a7de45ab0802b09aea94ca0a7815c5f"
  version = "v1.2.0"

[[projects]]
  branch = "master"
  digest = "1:eb12190122cfc6f9c129d70ae862143d5a2c4d4e0776ab6546bd44fb7d7136a3"
  name = "github.com/domainr/whois"
  packages = ["."]
  pruneopts = "UT"
  revision = "975c7833b02e9b09b05f41cb5650339b4e913467"

[[projects]]
  digest = "1:6f9339c912bbdda81302633ad7e99a28dfa5a639c864061f1929510a9a64aa74"
  name = "github.com/dustin/go-humanize"
  packages = ["."]
  pruneopts = "UT"
  revision = "9f541cc9db5d55bce703bd99987c9d5cb8eea45e"
  version = "v1.0.0"

[[projects]]
  branch = "master"
  digest = "1:efe7dc6d12119a36c1a617b574e99ac9c5ca8fbff57eb283a60462552b7c782a"
  name = "github.com/dustin/go-jsonpointer"
  packages = ["."]
  pruneopts = "UT"
  revision = "ba0abeacc3dcca5b9b20f31509c46794edbc9965"

[[projects]]
  branch = "master"
  digest = "1:07263fbfa1c038e890b410f730279aa7adc217180f1c2f78c6dc80b3bbe9e819"
  name = "github.com/dustin/gojson"
  packages = ["."]
  pruneopts = "UT"
  revision = "2e71ec9dd5adce3b168cd0dbde03b5cc04951c30"

[[projects]]
  branch = "master"
  digest = "1:3fa672dd1c2dca4336f0309e2240b4e437a3ab4cc93cc116a9e1fe700093e300"
  name = "github.com/dyatlov/go-oembed"
  packages = ["oembed"]
  pruneopts = "UT"
  revision = "4bc5ab7a42e91e45e957f9b0c47f911efed16710"

[[projects]]
  digest = "1:8ee7b41ace3ba875c17e38ba7780e7cf0d29882338637861e9f13f04f60ecc5c"
  name = "github.com/emicklei/go-restful"
  packages = [
    ".",
    "log",
  ]
  pruneopts = "UT"
  revision = "85d198d05a92d31823b852b4a5928114912e8949"
  version = "v2.9.0"

[[projects]]
  branch = "master"
  digest = "1:b5cfd8d62c46082a75974f2f5e167c272f7f7d47c7a21caf49b17a45a558a601"
  name = "github.com/garyburd/go-oauth"
  packages = ["oauth"]
  pruneopts = "UT"
  revision = "bca2e7f09a178fd36b034107a00e2323bca6a82e"

[[projects]]
  digest = "1:d18f6f088d7d8365df47f49dfa24b6ff6701a941118ffda30c589d1bd954074b"
  name = "github.com/getsentry/raven-go"
  packages = ["."]
  pruneopts = "UT"
  revision = "f04e7487e9a6b9d9837d52743fb5f40576c56411"
  version = "v0.2.0"

[[projects]]
  branch = "master"
  digest = "1:78102ee4d536347316bc42e818340cc50902e45dbd7fdd524c5a1fc0cb07b588"
  name = "github.com/globalsign/mgo"
  packages = [
    ".",
    "bson",
    "internal/json",
    "internal/sasl",
    "internal/scram",
  ]
  pruneopts = "UT"
  revision = "eeefdecb41b842af6dc652aaea4026e8403e62df"

[[projects]]
  digest = "1:86699e6a533e8f7bdf70173621d19ceeb602e1a287fa078c6bebaecd9da36c15"
  name = "github.com/go-redis/cache"
  packages = [
    ".",
    "internal/lrucache",
    "internal/singleflight",
  ]
  pruneopts = "UT"
  revision = "c58ada1e23a3b66593f81c70572c20a0bb805a90"
  version = "v6.3.5"

[[projects]]
  digest = "1:ad53d1f710522a38d1f0e5e0a55a194b1c6b2cd8e84313568e43523271f0cf62"
  name = "github.com/go-redis/redis"
  packages = [
    ".",
    "internal",
    "internal/consistenthash",
    "internal/hashtag",
    "internal/pool",
    "internal/proto",
    "internal/util",
  ]
  pruneopts = "UT"
  revision = "22be8a3eaf992c828cecb69dc07348313bf08d2e"
  version = "v6.15.1"

[[projects]]
  digest = "1:82db3b76eba1b5f200b304fd5593770998f3e7362d09172c9632d14e952bb0d8"
  name = "github.com/golang/protobuf"
  packages = [
    "proto",
    "protoc-gen-go/descriptor",
    "ptypes",
    "ptypes/any",
    "ptypes/duration",
    "ptypes/empty",
    "ptypes/timestamp",
    "ptypes/wrappers",
  ]
  pruneopts = "UT"
  revision = "aa810b61a9c79d51363740d207bb46cf8e620ed5"
  version = "v1.2.0"

[[projects]]
  digest = "1:38ec74012390146c45af1f92d46e5382b50531247929ff3a685d2b2be65155ac"
  name = "github.com/gomodule/redigo"
  packages = [
    "internal",
    "redis",
  ]
  pruneopts = "UT"
  revision = "9c11da706d9b7902c6da69c592f75637793fe121"
  version = "v2.0.0"

[[projects]]
  branch = "master"
  digest = "1:a63cff6b5d8b95638bfe300385d93b2a6d9d687734b863da8e09dc834510a690"
  name = "github.com/google/go-querystring"
  packages = ["query"]
  pruneopts = "UT"
  revision = "44c6ddd0a2342c386950e880b658017258da92fc"

[[projects]]
  digest = "1:236d7e1bdb50d8f68559af37dbcf9d142d56b431c9b2176d41e2a009b664cda8"
  name = "github.com/google/uuid"
  packages = ["."]
  pruneopts = "UT"
  revision = "9b3b1e0f5f99ae461456d768e7d301a7acdaa2d8"
  version = "v1.1.0"

[[projects]]
  digest = "1:856bd1e35f6da8ce5671a5df09d0e89bf01e9b74b3dabb6d097d39b3813801e1"
  name = "github.com/googleapis/gax-go"
  packages = ["v2"]
  pruneopts = "UT"
  revision = "c8a15bac9b9fe955bd9f900272f9a306465d28cf"
  version = "v2.0.3"

[[projects]]
  digest = "1:7b5c6e2eeaa9ae5907c391a91c132abfd5c9e8a784a341b5625e750c67e6825d"
  name = "github.com/gorilla/websocket"
  packages = ["."]
  pruneopts = "UT"
  revision = "66b9c49e59c6c48f0ffce28c2d8b8a5678502c6d"
  version = "v1.4.0"

[[projects]]
  digest = "1:faa32af5b0242dbb319048ee206813d34686b58f04849885014d3651ffc3ad02"
  name = "github.com/huandu/facebook"
  packages = ["."]
  pruneopts = "UT"
  revision = "983d10bc8677a7f8fe0ce26d2c4d8f05883c5c28"
  version = "v2.3.3"

[[projects]]
  branch = "master"
  digest = "1:0f78e4bd1a4206ed6d320e5a64ddd9e1635017593e7fd8257bfb59046e2a4d13"
  name = "github.com/inconshreveable/go-keen"
  packages = ["."]
  pruneopts = "UT"
  revision = "f7cb123563633ed9a7546108b47918803d2f85f1"

[[projects]]
  digest = "1:bb81097a5b62634f3e9fec1014657855610c82d19b9a40c17612e32651e35dca"
  name = "github.com/jmespath/go-jmespath"
  packages = ["."]
  pruneopts = "UT"
  revision = "c2b33e84"

[[projects]]
  digest = "1:3e551bbb3a7c0ab2a2bf4660e7fcad16db089fdcfbb44b0199e62838038623ea"
  name = "github.com/json-iterator/go"
  packages = ["."]
  pruneopts = "UT"
  revision = "1624edc4454b8682399def8740d46db5e4362ba4"
  version = "v1.1.5"

[[projects]]
  branch = "master"
  digest = "1:df1dfe26ca5f2b62267aa92bfe163fc4a5e57361e0bd4d32495858921a39c646"
  name = "github.com/jzelinskie/geddit"
  packages = ["."]
  pruneopts = "UT"
  revision = "a9d9445ed681c9bc2df9cce08998891b44efd806"

[[projects]]
  digest = "1:36f328c564dbd1899756183cf040b0cb27f0db423e3faf6c2909e5cb17fb6d68"
  name = "github.com/karrick/tparse"
  packages = ["v2"]
  pruneopts = "UT"
  revision = "01217819bead9d238dc62e8a054ca09486e2c1a1"
  version = "v2.6.1"

[[projects]]
  digest = "1:edbef42561faa44c19129b68d1e109fbc1647f63239250391eadc8d0e7c9f669"
  name = "github.com/kelseyhightower/envconfig"
  packages = ["."]
  pruneopts = "UT"
  revision = "f611eb38b3875cc3bd991ca91c51d06446afa14c"
  version = "v1.3.0"

[[projects]]
  digest = "1:e30ac47ee84d7d354e0a284cf742e3015400667e90aa3d6ae99c7a55da67c645"
  name = "github.com/kennygrant/sanitize"
  packages = ["."]
  pruneopts = "UT"
  revision = "06ec0d0dbcd497d01e5189b16f5263f712e61a8e"
  version = "v1.2.4"

[[projects]]
  digest = "1:0a69a1c0db3591fcefb47f115b224592c8dfa4368b7ba9fae509d5e16cdc95c8"
  name = "github.com/konsorten/go-windows-terminal-sequences"
  packages = ["."]
  pruneopts = "UT"
  revision = "5c8c8bd35d3832f5d134ae1e1e375b69a4d25242"
  version = "v1.0.1"

[[projects]]
  digest = "1:2bc022ba17d54771918f37f5247af136d9dc47a73b4371cf59389ac0d604e655"
  name = "github.com/kz/discordrus"
  packages = ["."]
  pruneopts = "UT"
  revision = "4b0227675a430a5edd93bb115fc2ec27621ea46c"
  version = "v1.1.1"

[[projects]]
  digest = "1:c65a16ac77d0b1aefc7009cabb6ac5ad05def02025f5be85f450c03f52cc6f86"
  name = "github.com/lucasb-eyer/go-colorful"
  packages = ["."]
  pruneopts = "UT"
  revision = "345fbb3dbcdb252d9985ee899a84963c0fa24c82"
  version = "v1.0"

[[projects]]
  branch = "master"
  digest = "1:5f5d6ea713deb52cd7a84410664798face57003bb0bc324732b7a2934b16321e"
  name = "github.com/lucazulian/cryptocomparego"
  packages = [
    ".",
    "context",
  ]
  pruneopts = "UT"
  revision = "0bbb5bcaed797b002bd4997d8b1e48a1e8f5b3da"

[[projects]]
  branch = "master"
  digest = "1:aa3d8d42865c42626b5c1add193692d045b3188b1479f0a0a88690d21fe20083"
  name = "github.com/mailru/easyjson"
  packages = [
    ".",
    "buffer",
    "jlexer",
    "jwriter",
  ]
  pruneopts = "UT"
  revision = "60711f1a8329503b04e1c88535f419d0bb440bff"

[[projects]]
  digest = "1:1b46adc9e3d878cdf38a164cfdac2e19340f4d2662aa5bee88062f6ee08ac9df"
  name = "github.com/miekg/dns"
  packages = ["."]
  pruneopts = "UT"
  revision = "8fc2e5773bbd308ca2fcc962fd8d25c1bd0f6743"
  version = "v1.1.4"

[[projects]]
  digest = "1:d25d86eabe6a6039f465a076d2f8293bb2b5545f26b2796df696d20fed198e10"
  name = "github.com/minio/minio-go"
  packages = [
    ".",
    "pkg/credentials",
    "pkg/encrypt",
    "pkg/s3signer",
    "pkg/s3utils",
    "pkg/set",
  ]
  pruneopts = "UT"
  revision = "c8a261de75c1a9a9ece4dcc0c81ff6db525bcf27"
  version = "v6.0.16"

[[projects]]
  digest = "1:5d231480e1c64a726869bc4142d270184c419749d34f167646baa21008eb0a79"
  name = "github.com/mitchellh/go-homedir"
  packages = ["."]
  pruneopts = "UT"
  revision = "af06845cf3004701891bf4fdb884bfe4920b3727"
  version = "v1.1.0"

[[projects]]
  digest = "1:33422d238f147d247752996a26574ac48dcf472976eda7f5134015f06bf16563"
  name = "github.com/modern-go/concurrent"
  packages = ["."]
  pruneopts = "UT"
  revision = "bacd9c7ef1dd9b15be4a9909b8ac7a4e313eec94"
  version = "1.0.3"

[[projects]]
  digest = "1:e32bdbdb7c377a07a9a46378290059822efdce5c8d96fe71940d87cb4f918855"
  name = "github.com/modern-go/reflect2"
  packages = ["."]
  pruneopts = "UT"
  revision = "4b7aa43c6742a2c18fdef89dd197aaae7dac7ccd"
  version = "1.0.1"

[[projects]]
  branch = "master"
  digest = "1:84bd7f8a2e0bcd53ddc33c3b47c34c1fe340c8632cbe928f7f8ae10ec6ecdd62"
  name = "github.com/mohae/deepcopy"
  packages = ["."]
  pruneopts = "UT"
  revision = "c48cc78d482608239f6c4c92a4abd87eb8761c90"

[[projects]]
  branch = "master"
  digest = "1:34534b73e925d20cc72cf202f8b482fdcbe3a1b113e19375f31aadabd0f0f97d"
  name = "github.com/nfnt/resize"
  packages = ["."]
  pruneopts = "UT"
  revision = "83c6a9932646f83e3267f353373d47347b6036b2"

[[projects]]
  branch = "master"
  digest = "1:1dab2923041f2f62abcd32e7dd5e4edab908fb148fc9f0895a149aab9deeddf9"
  name = "github.com/olebedev/when"
  packages = [
    ".",
    "rules",
    "rules/common",
    "rules/en",
    "rules/ru",
  ]
  pruneopts = "UT"
  revision = "164b693865145cf145dbf34e6cf2ed5cb1634bf0"

[[projects]]
  digest = "1:d1da5ee400cc3c39cf7d920c2db4b04d9407e24a917bf8b99a183aa024081871"
  name = "github.com/olivere/elastic"
  packages = [
    ".",
    "config",
    "uritemplates",
  ]
  pruneopts = "UT"
  revision = "407a1d940dcc89e279c579eb393d0bdde8fd9ac4"
  version = "v6.2.16"

[[projects]]
  digest = "1:450b7623b185031f3a456801155c8320209f75d0d4c4e633c6b1e59d44d6e392"
  name = "github.com/opentracing/opentracing-go"
  packages = [
    ".",
    "ext",
    "log",
  ]
  pruneopts = "UT"
  revision = "1949ddbfd147afd4d964a9f00b24eb291e0e7c38"
  version = "v1.0.2"

[[projects]]
  digest = "1:cf31692c14422fa27c83a05292eb5cbe0fb2775972e8f1f8446a71549bd8980b"
  name = "github.com/pkg/errors"
  packages = ["."]
  pruneopts = "UT"
  revision = "ba968bfe8b2f7e042a574c888954fccecfa385b4"
  version = "v0.8.1"

[[projects]]
  digest = "1:3fd3d634f6815f19ac4b2c5e16d28ec9aa4584d0bba25d1ee6c424d813cca22a"
  name = "github.com/renstrom/fuzzysearch"
  packages = ["fuzzy"]
  pruneopts = "UT"
  revision = "9704abcb5729ef17e4316e31439d7fcece8dac5f"
  version = "v1.0.2"

[[projects]]
  branch = "master"
  digest = "1:374ce4704830a7b9729d8798bcb4ac796f9c7bbb6903950ec55b71332caffe31"
  name = "github.com/saintfish/chardet"
  packages = ["."]
  pruneopts = "UT"
  revision = "3af4cd4741ca4f3eb0c407c034571a6fb0ea529c"

[[projects]]
  digest = "1:274f67cb6fed9588ea2521ecdac05a6d62a8c51c074c1fccc6a49a40ba80e925"
  name = "github.com/satori/go.uuid"
  packages = ["."]
  pruneopts = "UT"
  revision = "f58768cc1a7a7e77a3bd49e98cdd21419399b6a3"
  version = "v1.2.0"

[[projects]]
  digest = "1:4ca145a665316d3c020a39c0741780fa3636b9152b824206796c4dce541f4a24"
  name = "github.com/sethgrid/pester"
  packages = ["."]
  pruneopts = "UT"
  revision = "03e26c9abbbf5accb8349790bf9f41bde09d72c3"
  version = "1.0.0"

[[projects]]
  digest = "1:20c13aafa4fa52ef09575b39da6dc8074c243bfffb26c72978acf60fb11a64a2"
  name = "github.com/shawntoffel/darksky"
  packages = ["."]
  pruneopts = "UT"
  revision = "0147f1a3462f4afa1fc0b5b6138c0fd9913c0124"
  version = "v1.2.3"

[[projects]]
  digest = "1:87c2e02fb01c27060ccc5ba7c5a407cc91147726f8f40b70cceeedbc52b1f3a8"
  name = "github.com/sirupsen/logrus"
  packages = ["."]
  pruneopts = "UT"
  revision = "e1e72e9de974bd926e5c56f83753fba2df402ce5"
  version = "v1.3.0"

[[projects]]
  branch = "master"
  digest = "1:525ac3364813b4688df380594e562133e07830dfce0722effda64b37634c13d0"
  name = "github.com/streadway/amqp"
  packages = ["."]
  pruneopts = "UT"
  revision = "a314942b2fd9dde7a3f70ba3f1062848ce6eb392"

[[projects]]
  branch = "master"
  digest = "1:f4875b67c7a7f220c22cea928486f093de07c5fd9f4cc4be76e48571cb044ca8"
  name = "github.com/ungerik/go-cairo"
  packages = [
    ".",
    "extimage",
  ]
  pruneopts = "UT"
  revision = "ed3ace63553df4012e441a5bd43d5c75b9c5a7fb"

[[projects]]
  digest = "1:3810ea14d85aabc511e032f8c817e4f2276af72ea4346f223725e0aaaf1f5c10"
  name = "github.com/vmihailenco/msgpack"
  packages = [
    ".",
    "codes",
  ]
  pruneopts = "UT"
  revision = "b962d79429a3c5135cca9ed528943f1551ec04df"
  version = "v4.0.2"

[[projects]]
  digest = "1:fc894c6c55d06771db751a0f3946a37b3cb6a8703bee3b7146f9db7c08d6196d"
  name = "github.com/xuri/excelize"
  packages = ["."]
  pruneopts = "UT"
  revision = "dea7ba0ec43a4c29a6642d02b6edc73b8b0369f0"
  version = "v1.4.1"

[[projects]]
  branch = "master"
  digest = "1:86f14ea898bc1b019d54ac366f3e62241c87a3b7b2dad0e83ed777cd42fa6aee"
  name = "github.com/zonedb/zonedb"
  packages = ["."]
  pruneopts = "UT"
  revision = "5cc7bc475df1c5ff4b0c54ca107d2ac240208fa7"

[[projects]]
  digest = "1:5baa1a55624558e55a544de8b81542193852b0d607a9e21d9296e82d3e698918"
  name = "go.opencensus.io"
  packages = [
    ".",
    "exemplar",
    "internal",
    "internal/tagencoding",
    "plugin/ocgrpc",
    "plugin/ochttp",
    "plugin/ochttp/propagation/b3",
    "stats",
    "stats/internal",
    "stats/view",
    "tag",
    "trace",
    "trace/internal",
    "trace/propagation",
    "trace/tracestate",
  ]
  pruneopts = "UT"
  revision = "2b5032d79456124f42db6b7eb19ac6c155449dc2"
  version = "v0.19.0"

[[projects]]
  branch = "master"
  digest = "1:87ccd3930fecd2fda7b482c7914f73f89c85c2f1854ef009d187f81362630c69"
  name = "go4.org"
  packages = ["reflectutil"]
  pruneopts = "UT"
  revision = "00e24f1b25994999399dee600cb8f35a45f519dc"

[[projects]]
  branch = "master"
  digest = "1:9ad4be933ac24222d17fc1404387cf254964502aa5b8a9bc6c15e83b9c69e369"
  name = "golang.org/x/crypto"
  packages = [
    "argon2",
    "blake2b",
    "ed25519",
    "ed25519/internal/edwards25519",
    "internal/subtle",
    "nacl/secretbox",
    "poly1305",
    "salsa20/salsa",
    "ssh/terminal",
  ]
  pruneopts = "UT"
  revision = "74369b46fc6756741c016591724fd1cb8e26845f"

[[projects]]
  branch = "master"
  digest = "1:dc0d00672d22e3850cade7e25e67be5ab4ac70085207f5f24400665aedad7f84"
  name = "golang.org/x/net"
  packages = [
    "bpf",
    "context",
    "context/ctxhttp",
    "html",
    "html/atom",
    "html/charset",
    "http/httpguts",
    "http2",
    "http2/hpack",
    "idna",
    "internal/iana",
    "internal/socket",
    "internal/timeseries",
    "ipv4",
    "ipv6",
    "publicsuffix",
    "trace",
  ]
  pruneopts = "UT"
  revision = "65e2d4e15006aab9813ff8769e768bbf4bb667a0"

[[projects]]
  branch = "master"
  digest = "1:173d83fed3abe2b2902e0feccc5c5581fdfffacfbb7e8fe92a863a350d6866ea"
  name = "golang.org/x/oauth2"
  packages = [
    ".",
    "google",
    "internal",
    "jws",
    "jwt",
  ]
  pruneopts = "UT"
  revision = "80673b4a4bfc6c2c58a0b44cf9106913fe293994"

[[projects]]
  branch = "master"
  digest = "1:04a5b0e4138f98eef79ce12a955a420ee358e9f787044cc3a553ac3c3ade997e"
  name = "golang.org/x/sync"
  packages = [
    "errgroup",
    "semaphore",
  ]
  pruneopts = "UT"
  revision = "37e7f081c4d4c64e13b10787722085407fe5d15f"

[[projects]]
  branch = "master"
  digest = "1:f11a2dc61aae6c601dc075fb0f9ecda1743a9c644d91e37af2c729a399ef17fc"
  name = "golang.org/x/sys"
  packages = [
    "cpu",
    "unix",
    "windows",
  ]
  pruneopts = "UT"
  revision = "3b5209105503162ded1863c307ac66fec31120dd"

[[projects]]
  digest = "1:436b24586f8fee329e0dd65fd67c817681420cda1d7f934345c13fe78c212a73"
  name = "golang.org/x/text"
  packages = [
    "collate",
    "collate/build",
    "encoding",
    "encoding/charmap",
    "encoding/htmlindex",
    "encoding/internal",
    "encoding/internal/identifier",
    "encoding/japanese",
    "encoding/korean",
    "encoding/simplifiedchinese",
    "encoding/traditionalchinese",
    "encoding/unicode",
    "internal/colltab",
    "internal/gen",
    "internal/tag",
    "internal/triegen",
    "internal/ucd",
    "internal/utf8internal",
    "language",
    "runes",
    "secure/bidirule",
    "transform",
    "unicode/bidi",
    "unicode/cldr",
    "unicode/norm",
    "unicode/rangetable",
  ]
  pruneopts = "UT"
  revision = "f21a4dfb5e38f5895301dc265a8def02365cc3d0"
  version = "v0.3.0"

[[projects]]
  digest = "1:067db58e44b38dcb90944820d3789ff8a13b336daf2c16011d72842564b8285c"
  name = "google.golang.org/api"
  packages = [
    "drive/v3",
    "gensupport",
    "googleapi",
    "googleapi/internal/uritemplates",
    "googleapi/transport",
    "internal",
    "iterator",
    "option",
    "support/bundler",
    "transport",
    "transport/grpc",
    "transport/http",
    "transport/http/internal/propagation",
    "youtube/v3",
  ]
  pruneopts = "UT"
  revision = "19e022d8cf43ce81f046bae8cc18c5397cc7732f"
  version = "v0.1.0"

[[projects]]
  digest = "1:c34ad266f374556b11c6217ca3e31a2b0f8ace11b7f334d4e1bbcc3d5426c9a7"
  name = "google.golang.org/appengine"
  packages = [
    ".",
    "datastore",
    "internal",
    "internal/app_identity",
    "internal/base",
    "internal/datastore",
    "internal/log",
    "internal/modules",
    "internal/remote_api",
    "internal/socket",
    "internal/urlfetch",
    "socket",
    "urlfetch",
  ]
  pruneopts = "UT"
  revision = "e9657d882bb81064595ca3b56cbe2546bbabf7b1"
  version = "v1.4.0"

[[projects]]
  branch = "master"
  digest = "1:3f47e4ebd7d5294220500d7d35fede2fbfb8a9cae8533a4624db90c37c3d46eb"
  name = "google.golang.org/genproto"
  packages = [
    "googleapis/api/annotations",
    "googleapis/cloud/vision/v1",
    "googleapis/iam/v1",
    "googleapis/longrunning",
    "googleapis/pubsub/v1",
    "googleapis/rpc/status",
    "googleapis/type/color",
    "googleapis/type/latlng",
    "protobuf/field_mask",
  ]
  pruneopts = "UT"
  revision = "4b09977fb92221987e99d190c8f88f2c92727a29"

[[projects]]
  digest = "1:2bfad918329beeeeb3433da4745d4283f75c911352af2fc13cf23e294bff18d1"
  name = "google.golang.org/grpc"
  packages = [
    ".",
    "balancer",
    "balancer/base",
    "balancer/roundrobin",
    "binarylog/grpc_binarylog_v1",
    "codes",
    "connectivity",
    "credentials",
    "credentials/internal",
    "credentials/oauth",
    "encoding",
    "encoding/proto",
    "grpclog",
    "internal",
    "internal/backoff",
    "internal/binarylog",
    "internal/channelz",
    "internal/envconfig",
    "internal/grpcrand",
    "internal/grpcsync",
    "internal/syscall",
    "internal/transport",
    "keepalive",
    "metadata",
    "naming",
    "peer",
    "resolver",
    "resolver/dns",
    "resolver/passthrough",
    "stats",
    "status",
    "tap",
  ]
  pruneopts = "UT"
  revision = "a02b0774206b209466313a0b525d2c738fe407eb"
  version = "v1.18.0"

[[projects]]
  digest = "1:8b4bb15de2e698d359eeec15c42453567c98972a70c8619946050360ec02ec32"
  name = "gopkg.in/ini.v1"
  packages = ["."]
  pruneopts = "UT"
  revision = "6ed8d5f64cd79a498d1f3fab5880cc376ce41bbe"
  version = "v1.41.0"

[[projects]]
  branch = "v2"
  digest = "1:988de7520a09024d5d94cd99bd545afbf194893994ec759b1cda0a0bbb6adb80"
  name = "gopkg.in/mgo.v2"
  packages = [
    ".",
    "bson",
    "internal/json",
    "internal/sasl",
    "internal/scram",
  ]
  pruneopts = "UT"
  revision = "9856a29383ce1c59f308dd1cf0363a79b5bef6b5"

[[projects]]
  digest = "1:02f8be9dbbd3a183068cf23cceb266574ebce4b08fd56fc04f85ace40e7f144a"
  name = "gopkg.in/oleiade/lane.v1"
  packages = ["."]
  pruneopts = "UT"
  revision = "28f7c3f09254f12b51e620fa4db136ba58804762"
  version = "v1.0.0"

[[projects]]
  digest = "1:4d2e5a73dc1500038e504a8d78b986630e3626dc027bc030ba5c75da257cdb96"
  name = "gopkg.in/yaml.v2"
  packages = ["."]
  pruneopts = "UT"
  revision = "51d6538a90f86fe93ac480b35f37b2be17fef232"
  version = "v2.2.2"

[[projects]]
  digest = "1:a7c01f7cf3aa0cfb633ed91d781fca7bf6a9c95d9ccec4d2ec3fb7deee872967"
  name = "mvdan.cc/xurls"
  packages = ["."]
  pruneopts = "UT"
  revision = "d315b61cf6727664f310fa87b3197e9faf2a8513"
  version = "v1.1.0"

[solve-meta]
  analyzer-name = "dep"
  analyzer-version = 1
  input-imports = [
    "cloud.google.com/go/translate",
    "cloud.google.com/go/vision/apiv1",
    "github.com/ChimeraCoder/anaconda",
    "github.com/Jeffail/gabs",
    "github.com/Krognol/go-wolfram",
    "github.com/PuerkitoBio/goquery",
    "github.com/RichardKnop/machinery/v1",
    "github.com/RichardKnop/machinery/v1/config",
    "github.com/RichardKnop/machinery/v1/log",
    "github.com/RichardKnop/machinery/v1/tasks",
    "github.com/Seklfreak/lastfm-go/lastfm",
    "github.com/Seklfreak/polr-go",
    "github.com/Unleash/unleash-client-go",
    "github.com/VojtechVitek/go-trello",
    "github.com/andybons/gogif",
    "github.com/bradfitz/slice",
    "github.com/bwmarrin/discordgo",
    "github.com/corona10/goimagehash",
    "github.com/davecgh/go-spew/spew",
    "github.com/dghubble/go-twitter/twitter",
    "github.com/dghubble/oauth1",
    "github.com/domainr/whois",
    "github.com/dustin/go-humanize",
    "github.com/dyatlov/go-oembed/oembed",
    "github.com/emicklei/go-restful",
    "github.com/getsentry/raven-go",
    "github.com/globalsign/mgo",
    "github.com/globalsign/mgo/bson",
    "github.com/go-redis/cache",
    "github.com/go-redis/redis",
    "github.com/huandu/facebook",
    "github.com/inconshreveable/go-keen",
    "github.com/json-iterator/go",
    "github.com/jzelinskie/geddit",
    "github.com/karrick/tparse/v2",
    "github.com/kennygrant/sanitize",
    "github.com/kz/discordrus",
    "github.com/lucasb-eyer/go-colorful",
    "github.com/lucazulian/cryptocomparego",
    "github.com/miekg/dns",
    "github.com/minio/minio-go",
    "github.com/nfnt/resize",
    "github.com/olebedev/when",
    "github.com/olebedev/when/rules/common",
    "github.com/olebedev/when/rules/en",
    "github.com/olivere/elastic",
    "github.com/pkg/errors",
    "github.com/renstrom/fuzzysearch/fuzzy",
    "github.com/satori/go.uuid",
    "github.com/sethgrid/pester",
    "github.com/shawntoffel/darksky",
    "github.com/sirupsen/logrus",
    "github.com/ungerik/go-cairo",
    "github.com/vmihailenco/msgpack",
    "github.com/xuri/excelize",
    "golang.org/x/oauth2/google",
    "golang.org/x/text/language",
    "golang.org/x/text/unicode/norm",
    "google.golang.org/api/drive/v3",
    "google.golang.org/api/googleapi",
    "google.golang.org/api/option",
    "google.golang.org/api/youtube/v3",
    "google.golang.org/genproto/googleapis/cloud/vision/v1",
    "gopkg.in/mgo.v2/bson",
    "gopkg.in/oleiade/lane.v1",
    "mvdan.cc/xurls",
  ]
  solver-name = "gps-cdcl"
  solver-version = 1
