# This file is autogenerated, do not edit; changes may be undone by the next 'dep ensure'.


[[projects]]
  name = "cloud.google.com/go"
  packages = [
    "compute/metadata",
    "internal/version",
    "translate",
    "translate/internal/translate/v2",
    "vision/apiv1"
  ]
  revision = "050b16d2314d5fc3d4c9a51e4cd5c7468e77f162"
  version = "v0.17.0"

[[projects]]
  name = "github.com/AlekSi/pointer"
  packages = ["."]
  revision = "08a25bac605b3fcb6cc27f3917b2c2c87451963d"
  version = "v1.0.0"

[[projects]]
  name = "github.com/ChimeraCoder/anaconda"
  packages = ["."]
  revision = "0cb3e4c3ff8c6df5c73d5058c64e9c4eb6299c4b"
  version = "v1.0.0"

[[projects]]
  branch = "master"
  name = "github.com/ChimeraCoder/tokenbucket"
  packages = ["."]
  revision = "c5a927568de7aad8a58127d80bcd36ca4e71e454"

[[projects]]
  branch = "master"
  name = "github.com/CleverbotIO/go-cleverbot.io"
  packages = ["."]
  revision = "d24926702e8da9eab3a8dbd0823c1cecd3a80344"

[[projects]]
  name = "github.com/Jeffail/gabs"
  packages = ["."]
  revision = "7a0fed31069aba77993a518cc2f37b28ee7aa883"
  version = "1.1"

[[projects]]
  branch = "master"
  name = "github.com/Krognol/go-wolfram"
  packages = ["."]
  revision = "5b91101b92a80980896e5c2c750664334e8ca497"

[[projects]]
  name = "github.com/PuerkitoBio/goquery"
  packages = ["."]
  revision = "dc2ec5c7ca4d9aae063b79b9f581dd3ea6afd2b2"
  version = "v1.4.1"

[[projects]]
  branch = "master"
  name = "github.com/RichardKnop/logging"
  packages = ["."]
  revision = "f8c19a024686a93a10387819b36e4eb2eb510700"

[[projects]]
  name = "github.com/RichardKnop/machinery"
  packages = [
    "v1",
    "v1/backends",
    "v1/brokers",
    "v1/common",
    "v1/config",
    "v1/log",
    "v1/retry",
    "v1/tasks",
    "v1/tracing"
  ]
  revision = "371133a4ecde56847c960f2098d1295a0c447428"
  version = "v1.3.5"

[[projects]]
  branch = "master"
  name = "github.com/RichardKnop/redsync"
  packages = ["."]
  revision = "54b27db64c180751e7049321a2e109ff220ccdcc"

[[projects]]
  branch = "master"
  name = "github.com/Seklfreak/lastfm-go"
  packages = ["lastfm"]
  revision = "ff0cf6912942f8c01351fb8c4fdf2494c82badfa"

[[projects]]
  branch = "master"
  name = "github.com/Seklfreak/polr-go"
  packages = ["."]
  revision = "e6c594fafce8f248a7a5e516f81ca85484b5078f"

[[projects]]
  branch = "master"
  name = "github.com/VojtechVitek/go-trello"
  packages = ["."]
  revision = "28ebf2756ecc6c69262fba5d5c2f80c0e6dce5e8"

[[projects]]
  name = "github.com/andybalholm/cascadia"
  packages = ["."]
  revision = "901648c87902174f774fac311d7f176f8647bdaa"
  version = "v1.0.0"

[[projects]]
  branch = "master"
  name = "github.com/andybons/gogif"
  packages = ["."]
  revision = "16d573594812bc09bc62ad1d8a4129c7ba885dc6"

[[projects]]
  name = "github.com/aws/aws-sdk-go"
  packages = [
    "aws",
    "aws/awserr",
    "aws/awsutil",
    "aws/client",
    "aws/client/metadata",
    "aws/corehandlers",
    "aws/credentials",
    "aws/credentials/ec2rolecreds",
    "aws/credentials/endpointcreds",
    "aws/credentials/stscreds",
    "aws/csm",
    "aws/defaults",
    "aws/ec2metadata",
    "aws/endpoints",
    "aws/request",
    "aws/session",
    "aws/signer/v4",
    "internal/sdkio",
    "internal/sdkrand",
    "internal/shareddefaults",
    "private/protocol",
    "private/protocol/json/jsonutil",
    "private/protocol/jsonrpc",
    "private/protocol/query",
    "private/protocol/query/queryutil",
    "private/protocol/rest",
    "private/protocol/xml/xmlutil",
    "service/dynamodb",
    "service/dynamodb/dynamodbattribute",
    "service/dynamodb/dynamodbiface",
    "service/sqs",
    "service/sqs/sqsiface",
    "service/sts"
  ]
  revision = "4bdf3e6f6926903b8ca6b0d2b93bbdddcf6af219"
  version = "v1.14.5"

[[projects]]
  branch = "master"
  name = "github.com/azr/backoff"
  packages = ["."]
  revision = "53511d3c733003985b0b76f733df1f4d0095ee6a"

[[projects]]
  branch = "master"
  name = "github.com/beefsack/go-rate"
  packages = ["."]
  revision = "efa7637bb9b6433f47eb73dde68902abda87f352"

[[projects]]
  branch = "master"
  name = "github.com/bradfitz/gomemcache"
  packages = ["memcache"]
  revision = "1952afaa557dc08e8e0d89eafab110fb501c1a2b"

[[projects]]
  branch = "master"
  name = "github.com/bradfitz/slice"
  packages = ["."]
  revision = "d9036e2120b5ddfa53f3ebccd618c4af275f47da"

[[projects]]
  branch = "develop"
  name = "github.com/bwmarrin/discordgo"
  packages = ["."]
  revision = "bc7403812adaeff623b713a5985bbf4235753d91"

[[projects]]
  name = "github.com/cenkalti/backoff"
  packages = ["."]
  revision = "2ea60e5f094469f9e65adb9cd103795b73ae743e"
  version = "v2.0.0"

[[projects]]
  name = "github.com/certifi/gocertifi"
  packages = ["."]
  revision = "deb3ae2ef2610fde3330947281941c562861188b"
  version = "2018.01.18"

[[projects]]
  name = "github.com/corona10/goimagehash"
  packages = [
    ".",
    "etcs",
    "transforms"
  ]
  revision = "190331714558be423e622b2c2fcdca9ec2882637"
  version = "v0.2.0"

[[projects]]
  name = "github.com/davecgh/go-spew"
  packages = ["spew"]
  revision = "346938d642f2ec3594ed81d874461961cd0faa76"
  version = "v1.1.0"

[[projects]]
  branch = "master"
  name = "github.com/dghubble/go-twitter"
  packages = ["twitter"]
  revision = "4e4e49fc6b52fe349e7b420d1218d0e138d3d324"
  source = "github.com/Seklfreak/go-twitter"

[[projects]]
  name = "github.com/dghubble/oauth1"
  packages = ["."]
  revision = "70562a5920ad9b6ff03ef697c0f90ae569abbd2b"
  version = "v0.4.0"

[[projects]]
  name = "github.com/dghubble/sling"
  packages = ["."]
  revision = "eb56e89ac5088bebb12eef3cb4b293300f43608b"
  version = "v1.1.0"

[[projects]]
  branch = "master"
  name = "github.com/domainr/whois"
  packages = ["."]
  revision = "5d48ef794beff9b20a0a732f69c8dc41e542e24f"

[[projects]]
  branch = "master"
  name = "github.com/dustin/go-humanize"
  packages = ["."]
  revision = "02af3965c54e8cacf948b97fef38925c4120652c"

[[projects]]
  branch = "master"
  name = "github.com/dustin/go-jsonpointer"
  packages = ["."]
  revision = "ba0abeacc3dcca5b9b20f31509c46794edbc9965"

[[projects]]
  branch = "master"
  name = "github.com/dustin/gojson"
  packages = ["."]
  revision = "2e71ec9dd5adce3b168cd0dbde03b5cc04951c30"

[[projects]]
  branch = "master"
  name = "github.com/dyatlov/go-oembed"
  packages = ["oembed"]
  revision = "4bc5ab7a42e91e45e957f9b0c47f911efed16710"

[[projects]]
  name = "github.com/emicklei/go-restful"
  packages = [
    ".",
    "log"
  ]
  revision = "777bb3f19bcafe2575ffb2a3e46af92509ae9594"
  version = "v1.2"

[[projects]]
  branch = "master"
  name = "github.com/garyburd/go-oauth"
  packages = ["oauth"]
  revision = "bca2e7f09a178fd36b034107a00e2323bca6a82e"

[[projects]]
  branch = "master"
  name = "github.com/getsentry/raven-go"
  packages = ["."]
  revision = "ed7bcb39ff10f39ab08e317ce16df282845852fa"

[[projects]]
  branch = "master"
  name = "github.com/globalsign/mgo"
  packages = [
    ".",
    "bson",
    "internal/json",
    "internal/sasl",
    "internal/scram"
  ]
  revision = "efe0945164a7e582241f37ae8983c075f8f2e870"

[[projects]]
  name = "github.com/go-ini/ini"
  packages = ["."]
  revision = "06f5f3d67269ccec1fe5fe4134ba6e982984f7f5"
  version = "v1.37.0"

[[projects]]
  name = "github.com/go-redis/cache"
  packages = [
    ".",
    "internal/lrucache",
    "internal/singleflight"
  ]
  revision = "c58ada1e23a3b66593f81c70572c20a0bb805a90"
  version = "v6.3.5"

[[projects]]
  name = "github.com/go-redis/redis"
  packages = [
    ".",
    "internal",
    "internal/consistenthash",
    "internal/hashtag",
    "internal/pool",
    "internal/proto",
    "internal/singleflight",
    "internal/util"
  ]
  revision = "83fb42932f6145ce52df09860384a4653d2d332a"
  version = "v6.12.0"

[[projects]]
  name = "github.com/golang/protobuf"
  packages = [
    "proto",
    "protoc-gen-go/descriptor",
    "ptypes",
    "ptypes/any",
    "ptypes/duration",
    "ptypes/empty",
    "ptypes/timestamp",
    "ptypes/wrappers"
  ]
  revision = "b4deda0973fb4c70b50d226b1af49f3da59f5265"
  version = "v1.1.0"

[[projects]]
  name = "github.com/gomodule/redigo"
  packages = [
    "internal",
    "redis"
  ]
  revision = "9c11da706d9b7902c6da69c592f75637793fe121"
  version = "v2.0.0"

[[projects]]
  branch = "master"
  name = "github.com/google/go-querystring"
  packages = ["query"]
  revision = "53e6ce116135b80d037921a7fdd5138cf32d7a8a"

[[projects]]
  name = "github.com/googleapis/gax-go"
  packages = ["."]
  revision = "317e0006254c44a0ac427cc52a0e083ff0b9622f"
  version = "v2.0.0"

[[projects]]
  name = "github.com/gorilla/websocket"
  packages = ["."]
  revision = "ea4d1f681babbce9545c9c5f3d5194a789c89f5b"
  version = "v1.2.0"

[[projects]]
  name = "github.com/huandu/facebook"
  packages = ["."]
  revision = "efe962f32209aa6e7430fb779bdf29bbcdb716e1"
  version = "v1.8.1"

[[projects]]
  branch = "v0"
  name = "github.com/inconshreveable/go-keen"
  packages = ["."]
  revision = "abddc16d5dc65ffcb78438e043e628d7f4664735"

[[projects]]
  name = "github.com/jmespath/go-jmespath"
  packages = ["."]
  revision = "0b12d6b5"

[[projects]]
  name = "github.com/json-iterator/go"
  packages = ["."]
  revision = "ca39e5af3ece67bbcda3d0f4f56a8e24d9f2dad4"
  version = "1.1.3"

[[projects]]
  branch = "master"
  name = "github.com/jzelinskie/geddit"
  packages = ["."]
  revision = "f75101e39ffed7ec9596d6929a8d85bb86223339"

[[projects]]
  name = "github.com/kelseyhightower/envconfig"
  packages = ["."]
  revision = "f611eb38b3875cc3bd991ca91c51d06446afa14c"
  version = "v1.3.0"

[[projects]]
  name = "github.com/kennygrant/sanitize"
  packages = ["."]
  revision = "2e6820834a1f36c626bf19a253b7d3cc060e9b8b"
  version = "v1.2.3"

[[projects]]
  name = "github.com/kz/discordrus"
  packages = ["."]
  revision = "4b0227675a430a5edd93bb115fc2ec27621ea46c"
  version = "v1.1.1"

[[projects]]
  branch = "master"
  name = "github.com/lucasb-eyer/go-colorful"
  packages = ["."]
  revision = "d9cec903b20cbeda6062366e460c2c1bdc717e4d"

[[projects]]
  branch = "master"
  name = "github.com/lucazulian/cryptocomparego"
  packages = [
    ".",
    "context"
  ]
  revision = "9be2582ccae52bc7724bf477a45bd72d539fa285"

[[projects]]
  branch = "master"
  name = "github.com/mailru/easyjson"
  packages = [
    ".",
    "buffer",
    "jlexer",
    "jwriter"
  ]
  revision = "3fdea8d05856a0c8df22ed4bc71b3219245e4485"

[[projects]]
  branch = "master"
  name = "github.com/miekg/dns"
  packages = ["."]
  revision = "f90eb8fb4590a3c81327ccca86ed4c4ca898c73d"

[[projects]]
  name = "github.com/minio/minio-go"
  packages = [
    ".",
    "pkg/credentials",
    "pkg/encrypt",
    "pkg/policy",
    "pkg/s3signer",
    "pkg/s3utils",
    "pkg/set"
  ]
  revision = "9e124ec59547551cb3f1324f73623bbb30650cf8"
  version = "4.0.9"

[[projects]]
  branch = "master"
  name = "github.com/mitchellh/go-homedir"
  packages = ["."]
  revision = "3864e76763d94a6df2f9960b16a20a33da9f9a66"

[[projects]]
  name = "github.com/modern-go/concurrent"
  packages = ["."]
  revision = "bacd9c7ef1dd9b15be4a9909b8ac7a4e313eec94"
  version = "1.0.3"

[[projects]]
  name = "github.com/modern-go/reflect2"
  packages = ["."]
  revision = "1df9eeb2bb81f327b96228865c5687bc2194af3f"
  version = "1.0.0"

[[projects]]
  branch = "master"
  name = "github.com/nfnt/resize"
  packages = ["."]
  revision = "83c6a9932646f83e3267f353373d47347b6036b2"

[[projects]]
  branch = "master"
  name = "github.com/olebedev/when"
  packages = [
    ".",
    "rules",
    "rules/common",
    "rules/en",
    "rules/ru"
  ]
  revision = "53693fbb59a88d8eb5a214820c5ec1ea76d2460c"

[[projects]]
  name = "github.com/olivere/elastic"
  packages = [
    ".",
    "config",
    "uritemplates"
  ]
  revision = "dabcc5de0a3fd6313870c223c3119e2b1e942ba3"
  version = "v6.1.23"

[[projects]]
  name = "github.com/opentracing/opentracing-go"
  packages = [
    ".",
    "ext",
    "log"
  ]
  revision = "1949ddbfd147afd4d964a9f00b24eb291e0e7c38"
  version = "v1.0.2"

[[projects]]
  name = "github.com/pkg/errors"
  packages = ["."]
  revision = "645ef00459ed84a119197bfb8d8205042c6df63d"
  version = "v0.8.0"

[[projects]]
  name = "github.com/renstrom/fuzzysearch"
  packages = ["fuzzy"]
  revision = "d4ca9dfccd55dc6b076f9880d49c35315922c1f4"
  version = "v1.0.0"

[[projects]]
  branch = "master"
  name = "github.com/saintfish/chardet"
  packages = ["."]
  revision = "3af4cd4741ca4f3eb0c407c034571a6fb0ea529c"

[[projects]]
  branch = "master"
  name = "github.com/satori/go.uuid"
  packages = ["."]
  revision = "36e9d2ebbde5e3f13ab2e25625fd453271d6522e"

[[projects]]
  name = "github.com/sethgrid/pester"
  packages = ["."]
  revision = "03e26c9abbbf5accb8349790bf9f41bde09d72c3"
  version = "1.0.0"

[[projects]]
  name = "github.com/shawntoffel/darksky"
  packages = ["."]
  revision = "4bf89b49ed59958ce7259a297fc69fc5680d0a29"
  version = "1.2.0"

[[projects]]
  name = "github.com/sirupsen/logrus"
  packages = ["."]
  revision = "c155da19408a8799da419ed3eeb0cb5db0ad5dbc"
  version = "v1.0.5"

[[projects]]
  branch = "master"
  name = "github.com/streadway/amqp"
  packages = ["."]
  revision = "e5adc2ada8b8efff032bf61173a233d143e9318e"

[[projects]]
  branch = "master"
  name = "github.com/ungerik/go-cairo"
  packages = [
    ".",
    "extimage"
  ]
  revision = "59e8c8194bab2a759ffae315e00c11847f4a6eed"

[[projects]]
  name = "github.com/vmihailenco/msgpack"
  packages = [
    ".",
    "codes"
  ]
  revision = "b5e691b1eb52a28c05e67ab9df303626c095c23b"
  version = "v3.3.3"

[[projects]]
  branch = "master"
  name = "github.com/xuri/excelize"
  packages = ["."]
  revision = "9e463b4614348b3ddc04b1fedd5d662845ce0fb9"

[[projects]]
  branch = "master"
  name = "github.com/zonedb/zonedb"
  packages = ["."]
  revision = "69cb85350cc217155af18673127f6e34d14e1a92"

[[projects]]
  name = "go.opencensus.io"
  packages = [
    "exporter/stackdriver/propagation",
    "internal",
    "internal/tagencoding",
    "plugin/ocgrpc",
    "plugin/ochttp",
    "plugin/ochttp/propagation/b3",
    "stats",
    "stats/internal",
    "stats/view",
    "tag",
    "trace",
    "trace/internal",
    "trace/propagation"
  ]
  revision = "0095aec66ae14801c6711210f6f0716411cefdd3"
  version = "v0.8.0"

[[projects]]
  branch = "master"
  name = "go4.org"
  packages = ["reflectutil"]
  revision = "9599cf28b011184741f249bd9f9330756b506cbc"

[[projects]]
  branch = "master"
  name = "golang.org/x/crypto"
  packages = [
    "ed25519",
    "ed25519/internal/edwards25519",
    "nacl/secretbox",
    "poly1305",
    "salsa20/salsa",
    "ssh/terminal"
  ]
  revision = "8ac0e0d97ce45cd83d1d7243c060cb8461dda5e9"

[[projects]]
  branch = "release-branch.go1.10"
  name = "golang.org/x/net"
  packages = [
    "bpf",
    "context",
    "context/ctxhttp",
    "html",
    "html/atom",
    "html/charset",
    "http2",
    "http2/hpack",
    "idna",
    "internal/iana",
    "internal/socket",
    "internal/timeseries",
    "ipv4",
    "ipv6",
    "lex/httplex",
    "trace"
  ]
  revision = "0ed95abb35c445290478a5348a7b38bb154135fd"

[[projects]]
  branch = "master"
  name = "golang.org/x/oauth2"
  packages = [
    ".",
    "google",
    "internal",
    "jws",
    "jwt"
  ]
  revision = "1e0a3fa8ba9a5c9eb35c271780101fdaf1b205d7"

[[projects]]
  branch = "master"
  name = "golang.org/x/sys"
  packages = [
    "unix",
    "windows"
  ]
  revision = "a9e25c09b96b8870693763211309e213c6ef299d"

[[projects]]
  name = "golang.org/x/text"
  packages = [
    "collate",
    "collate/build",
    "encoding",
    "encoding/charmap",
    "encoding/htmlindex",
    "encoding/internal",
    "encoding/internal/identifier",
    "encoding/japanese",
    "encoding/korean",
    "encoding/simplifiedchinese",
    "encoding/traditionalchinese",
    "encoding/unicode",
    "internal/colltab",
    "internal/gen",
    "internal/tag",
    "internal/triegen",
    "internal/ucd",
    "internal/utf8internal",
    "language",
    "runes",
    "secure/bidirule",
    "transform",
    "unicode/bidi",
    "unicode/cldr",
    "unicode/norm",
    "unicode/rangetable"
  ]
  revision = "f21a4dfb5e38f5895301dc265a8def02365cc3d0"
  version = "v0.3.0"

[[projects]]
  branch = "master"
  name = "google.golang.org/api"
  packages = [
    "drive/v3",
    "gensupport",
    "googleapi",
    "googleapi/internal/uritemplates",
    "googleapi/transport",
    "internal",
    "option",
    "transport",
    "transport/grpc",
    "transport/http",
    "youtube/v3"
  ]
  revision = "615303b5b813ad1dfe4d9c804d8397610a6c33b9"

[[projects]]
  name = "google.golang.org/appengine"
  packages = [
    ".",
    "datastore",
    "internal",
    "internal/app_identity",
    "internal/base",
    "internal/datastore",
    "internal/log",
    "internal/modules",
    "internal/remote_api",
    "internal/socket",
    "internal/urlfetch",
    "socket",
    "urlfetch"
  ]
  revision = "150dc57a1b433e64154302bdc40b6bb8aefa313a"
  version = "v1.0.0"

[[projects]]
  branch = "master"
  name = "google.golang.org/genproto"
  packages = [
    "googleapis/api/annotations",
    "googleapis/cloud/vision/v1",
    "googleapis/longrunning",
    "googleapis/rpc/status",
    "googleapis/type/color",
    "googleapis/type/latlng"
  ]
  revision = "32ee49c4dd805befd833990acba36cb75042378c"

[[projects]]
  name = "google.golang.org/grpc"
  packages = [
    ".",
    "balancer",
    "balancer/base",
    "balancer/roundrobin",
    "channelz",
    "codes",
    "connectivity",
    "credentials",
    "credentials/oauth",
    "encoding",
    "encoding/proto",
    "grpclb/grpc_lb_v1/messages",
    "grpclog",
    "internal",
    "keepalive",
    "metadata",
    "naming",
    "peer",
    "resolver",
    "resolver/dns",
    "resolver/passthrough",
    "stats",
    "status",
    "tap",
    "transport"
  ]
  revision = "7a6a684ca69eb4cae85ad0a484f2e531598c047b"
  version = "v1.12.2"

[[projects]]
  branch = "v2"
  name = "gopkg.in/mgo.v2"
  packages = [
    ".",
    "bson",
    "internal/json",
    "internal/sasl",
    "internal/scram"
  ]
  revision = "3f83fa5005286a7fe593b055f0d7771a7dce4655"

[[projects]]
  name = "gopkg.in/oleiade/lane.v1"
  packages = ["."]
  revision = "28f7c3f09254f12b51e620fa4db136ba58804762"
  version = "v1.0.0"

[[projects]]
  name = "gopkg.in/yaml.v2"
  packages = ["."]
  revision = "5420a8b6744d3b0345ab293f6fcba19c978f1183"
  version = "v2.2.1"

[[projects]]
  name = "mvdan.cc/xurls"
  packages = ["."]
  revision = "d315b61cf6727664f310fa87b3197e9faf2a8513"
  version = "v1.1.0"

[solve-meta]
  analyzer-name = "dep"
  analyzer-version = 1
  inputs-digest = "c1bb0da452e25ff20aba9254ef41c11bbba9b3b8a2238033260858c62f231a12"
  solver-name = "gps-cdcl"
  solver-version = 1
